
Microsoft Visual Studio Solution File, Format Version 12.00
# Visual Studio Version 17
VisualStudioVersion = 17.8.34112.27
MinimumVisualStudioVersion = 10.0.40219.1
Project("{9A19103F-16F7-4668-BE54-9A1E7A4F7556}") = "IdentityWorkshop", "IdentityWorkshop.csproj", "{CE3905AB-11B5-456D-927E-A69DE42ECC9B}"
EndProject
Project("{FAE04EC0-301F-11D3-BF4B-00C04F79EFBC}") = "IdentityWorkshop.Data", "..\IdentityWorkshop.Data\IdentityWorkshop.Data.csproj", "{0A2E43B7-1B48-4A8E-920B-79D140EB1601}"
EndProject
Project("{FAE04EC0-301F-11D3-BF4B-00C04F79EFBC}") = "IdentityWorkshop.ViewModels", "..\IdentityWorkshop.ViewModels\IdentityWorkshop.ViewModels.csproj", "{FE840290-9342-40A5-81EB-3D5B638B0E50}"
EndProject
Global
	GlobalSection(SolutionConfigurationPlatforms) = preSolution
		Debug|Any CPU = Debug|Any CPU
		Release|Any CPU = Release|Any CPU
	EndGlobalSection
	GlobalSection(ProjectConfigurationPlatforms) = postSolution
		{CE3905AB-11B5-456D-927E-A69DE42ECC9B}.Debug|Any CPU.ActiveCfg = Debug|Any CPU
		{CE3905AB-11B5-456D-927E-A69DE42ECC9B}.Debug|Any CPU.Build.0 = Debug|Any CPU
		{CE3905AB-11B5-456D-927E-A69DE42ECC9B}.Release|Any CPU.ActiveCfg = Release|Any CPU
		{CE3905AB-11B5-456D-927E-A69DE42ECC9B}.Release|Any CPU.Build.0 = Release|Any CPU
		{0A2E43B7-1B48-4A8E-920B-79D140EB1601}.Debug|Any CPU.ActiveCfg = Debug|Any CPU
		{0A2E43B7-1B48-4A8E-920B-79D140EB1601}.Debug|Any CPU.Build.0 = Debug|Any CPU
		{0A2E43B7-1B48-4A8E-920B-79D140EB1601}.Release|Any CPU.ActiveCfg = Release|Any CPU
		{0A2E43B7-1B48-4A8E-920B-79D140EB1601}.Release|Any CPU.Build.0 = Release|Any CPU
		{FE840290-9342-40A5-81EB-3D5B638B0E50}.Debug|Any CPU.ActiveCfg = Debug|Any CPU
		{FE840290-9342-40A5-81EB-3D5B638B0E50}.Debug|Any CPU.Build.0 = Debug|Any CPU
		{FE840290-9342-40A5-81EB-3D5B638B0E50}.Release|Any CPU.ActiveCfg = Release|Any CPU
		{FE840290-9342-40A5-81EB-3D5B638B0E50}.Release|Any CPU.Build.0 = Release|Any CPU
	EndGlobalSection
	GlobalSection(SolutionProperties) = preSolution
		HideSolutionNode = FALSE
	EndGlobalSection
	GlobalSection(ExtensibilityGlobals) = postSolution
		SolutionGuid = {9CC32185-A14E-4FE9-9E50-C85616C6D6E1}
	EndGlobalSection
EndGlobal
